
Microsoft Visual Studio Solution File, Format Version 12.00
# Visual Studio 14
VisualStudioVersion = 14.0.25420.1
MinimumVisualStudioVersion = 10.0.40219.1
Project("{FAE04EC0-301F-11D3-BF4B-00C04F79EFBC}") = "ubeat", "ubeat\ubeat\ubeat.csproj", "{7013C791-804D-4471-A42A-B2632B362B00}"
EndProject
Project("{FAE04EC0-301F-11D3-BF4B-00C04F79EFBC}") = "ubeatContent", "ubeat\ubeatContent\ubeatContent.contentproj", "{D012B013-AEEE-43E3-91B5-FBA62DB3D510}"
EndProject
Project("{FAE04EC0-301F-11D3-BF4B-00C04F79EFBC}") = "osuBMParser", "osupar\osuBMParser-master\osuBMParser\osuBMParser.csproj", "{92F06458-CCF1-4574-BE26-A9FFE3B77310}"
EndProject
Project("{FAE04EC0-301F-11D3-BF4B-00C04F79EFBC}") = "Tests", "Tests\Tests\Tests.csproj", "{6995C61A-0267-47E5-AB56-D2D3CC9C7D89}"
EndProject
Project("{96E2B04D-8817-42C6-938A-82C39BA4D311}") = "TestsContent", "Tests\TestsContent\TestsContent.contentproj", "{ABF9EA8C-F40F-4F30-B25F-5EC86E0B30DA}"
EndProject
Global
	GlobalSection(SolutionConfigurationPlatforms) = preSolution
		Debug|Any CPU = Debug|Any CPU
		Debug|Mixed Platforms = Debug|Mixed Platforms
		Debug|x86 = Debug|x86
		Profile|Any CPU = Profile|Any CPU
		Profile|Mixed Platforms = Profile|Mixed Platforms
		Profile|x86 = Profile|x86
		Release|Any CPU = Release|Any CPU
		Release|Mixed Platforms = Release|Mixed Platforms
		Release|x86 = Release|x86
	EndGlobalSection
	GlobalSection(ProjectConfigurationPlatforms) = postSolution
		{7013C791-804D-4471-A42A-B2632B362B00}.Debug|Any CPU.ActiveCfg = Debug|x86
		{7013C791-804D-4471-A42A-B2632B362B00}.Debug|Any CPU.Build.0 = Debug|x86
		{7013C791-804D-4471-A42A-B2632B362B00}.Debug|Mixed Platforms.ActiveCfg = Debug|x86
		{7013C791-804D-4471-A42A-B2632B362B00}.Debug|Mixed Platforms.Build.0 = Debug|x86
		{7013C791-804D-4471-A42A-B2632B362B00}.Debug|x86.ActiveCfg = Debug|x86
		{7013C791-804D-4471-A42A-B2632B362B00}.Debug|x86.Build.0 = Debug|x86
		{7013C791-804D-4471-A42A-B2632B362B00}.Profile|Any CPU.ActiveCfg = Release|x86
		{7013C791-804D-4471-A42A-B2632B362B00}.Profile|Mixed Platforms.ActiveCfg = Release|x86
		{7013C791-804D-4471-A42A-B2632B362B00}.Profile|Mixed Platforms.Build.0 = Release|x86
		{7013C791-804D-4471-A42A-B2632B362B00}.Profile|x86.ActiveCfg = Release|x86
		{7013C791-804D-4471-A42A-B2632B362B00}.Profile|x86.Build.0 = Release|x86
		{7013C791-804D-4471-A42A-B2632B362B00}.Release|Any CPU.ActiveCfg = Release|x86
		{7013C791-804D-4471-A42A-B2632B362B00}.Release|Mixed Platforms.ActiveCfg = Release|x86
		{7013C791-804D-4471-A42A-B2632B362B00}.Release|Mixed Platforms.Build.0 = Release|x86
		{7013C791-804D-4471-A42A-B2632B362B00}.Release|x86.ActiveCfg = Release|x86
		{7013C791-804D-4471-A42A-B2632B362B00}.Release|x86.Build.0 = Release|x86
		{D012B013-AEEE-43E3-91B5-FBA62DB3D510}.Debug|Any CPU.ActiveCfg = Debug|x86
		{D012B013-AEEE-43E3-91B5-FBA62DB3D510}.Debug|Mixed Platforms.ActiveCfg = Debug|x86
		{D012B013-AEEE-43E3-91B5-FBA62DB3D510}.Debug|Mixed Platforms.Build.0 = Debug|x86
		{D012B013-AEEE-43E3-91B5-FBA62DB3D510}.Debug|x86.ActiveCfg = Debug|x86
		{D012B013-AEEE-43E3-91B5-FBA62DB3D510}.Profile|Any CPU.ActiveCfg = Release|x86
		{D012B013-AEEE-43E3-91B5-FBA62DB3D510}.Profile|Mixed Platforms.ActiveCfg = Release|x86
		{D012B013-AEEE-43E3-91B5-FBA62DB3D510}.Profile|x86.ActiveCfg = Release|x86
		{D012B013-AEEE-43E3-91B5-FBA62DB3D510}.Release|Any CPU.ActiveCfg = Release|x86
		{D012B013-AEEE-43E3-91B5-FBA62DB3D510}.Release|Mixed Platforms.ActiveCfg = Release|x86
		{D012B013-AEEE-43E3-91B5-FBA62DB3D510}.Release|x86.ActiveCfg = Release|x86
		{92F06458-CCF1-4574-BE26-A9FFE3B77310}.Debug|Any CPU.ActiveCfg = Debug|Any CPU
		{92F06458-CCF1-4574-BE26-A9FFE3B77310}.Debug|Any CPU.Build.0 = Debug|Any CPU
		{92F06458-CCF1-4574-BE26-A9FFE3B77310}.Debug|Mixed Platforms.ActiveCfg = Debug|Any CPU
		{92F06458-CCF1-4574-BE26-A9FFE3B77310}.Debug|Mixed Platforms.Build.0 = Debug|Any CPU
		{92F06458-CCF1-4574-BE26-A9FFE3B77310}.Debug|x86.ActiveCfg = Debug|Any CPU
		{92F06458-CCF1-4574-BE26-A9FFE3B77310}.Profile|Any CPU.ActiveCfg = Release|Any CPU
		{92F06458-CCF1-4574-BE26-A9FFE3B77310}.Profile|Any CPU.Build.0 = Release|Any CPU
		{92F06458-CCF1-4574-BE26-A9FFE3B77310}.Profile|Mixed Platforms.ActiveCfg = Release|Any CPU
		{92F06458-CCF1-4574-BE26-A9FFE3B77310}.Profile|Mixed Platforms.Build.0 = Release|Any CPU
		{92F06458-CCF1-4574-BE26-A9FFE3B77310}.Profile|x86.ActiveCfg = Release|Any CPU
		{92F06458-CCF1-4574-BE26-A9FFE3B77310}.Release|Any CPU.ActiveCfg = Release|Any CPU
		{92F06458-CCF1-4574-BE26-A9FFE3B77310}.Release|Any CPU.Build.0 = Release|Any CPU
		{92F06458-CCF1-4574-BE26-A9FFE3B77310}.Release|Mixed Platforms.ActiveCfg = Release|Any CPU
		{92F06458-CCF1-4574-BE26-A9FFE3B77310}.Release|Mixed Platforms.Build.0 = Release|Any CPU
		{92F06458-CCF1-4574-BE26-A9FFE3B77310}.Release|x86.ActiveCfg = Release|Any CPU
		{6995C61A-0267-47E5-AB56-D2D3CC9C7D89}.Debug|Any CPU.ActiveCfg = Debug|x86
		{6995C61A-0267-47E5-AB56-D2D3CC9C7D89}.Debug|Mixed Platforms.ActiveCfg = Debug|x86
		{6995C61A-0267-47E5-AB56-D2D3CC9C7D89}.Debug|Mixed Platforms.Build.0 = Debug|x86
		{6995C61A-0267-47E5-AB56-D2D3CC9C7D89}.Debug|x86.ActiveCfg = Debug|x86
		{6995C61A-0267-47E5-AB56-D2D3CC9C7D89}.Debug|x86.Build.0 = Debug|x86
		{6995C61A-0267-47E5-AB56-D2D3CC9C7D89}.Profile|Any CPU.ActiveCfg = Release|x86
		{6995C61A-0267-47E5-AB56-D2D3CC9C7D89}.Profile|Any CPU.Build.0 = Release|x86
		{6995C61A-0267-47E5-AB56-D2D3CC9C7D89}.Profile|Mixed Platforms.ActiveCfg = Release|x86
		{6995C61A-0267-47E5-AB56-D2D3CC9C7D89}.Profile|Mixed Platforms.Build.0 = Release|x86
		{6995C61A-0267-47E5-AB56-D2D3CC9C7D89}.Profile|x86.ActiveCfg = Release|x86
		{6995C61A-0267-47E5-AB56-D2D3CC9C7D89}.Profile|x86.Build.0 = Release|x86
		{6995C61A-0267-47E5-AB56-D2D3CC9C7D89}.Release|Any CPU.ActiveCfg = Release|x86
		{6995C61A-0267-47E5-AB56-D2D3CC9C7D89}.Release|Mixed Platforms.ActiveCfg = Release|x86
		{6995C61A-0267-47E5-AB56-D2D3CC9C7D89}.Release|Mixed Platforms.Build.0 = Release|x86
		{6995C61A-0267-47E5-AB56-D2D3CC9C7D89}.Release|x86.ActiveCfg = Release|x86
		{6995C61A-0267-47E5-AB56-D2D3CC9C7D89}.Release|x86.Build.0 = Release|x86
		{ABF9EA8C-F40F-4F30-B25F-5EC86E0B30DA}.Debug|Any CPU.ActiveCfg = Debug|x86
		{ABF9EA8C-F40F-4F30-B25F-5EC86E0B30DA}.Debug|Mixed Platforms.ActiveCfg = Debug|x86
		{ABF9EA8C-F40F-4F30-B25F-5EC86E0B30DA}.Debug|x86.ActiveCfg = Debug|x86
		{ABF9EA8C-F40F-4F30-B25F-5EC86E0B30DA}.Profile|Any CPU.ActiveCfg = Release|x86
		{ABF9EA8C-F40F-4F30-B25F-5EC86E0B30DA}.Profile|Mixed Platforms.ActiveCfg = Release|x86
		{ABF9EA8C-F40F-4F30-B25F-5EC86E0B30DA}.Profile|x86.ActiveCfg = Release|x86
		{ABF9EA8C-F40F-4F30-B25F-5EC86E0B30DA}.Release|Any CPU.ActiveCfg = Release|x86
		{ABF9EA8C-F40F-4F30-B25F-5EC86E0B30DA}.Release|Mixed Platforms.ActiveCfg = Release|x86
		{ABF9EA8C-F40F-4F30-B25F-5EC86E0B30DA}.Release|x86.ActiveCfg = Release|x86
	EndGlobalSection
	GlobalSection(SolutionProperties) = preSolution
		HideSolutionNode = FALSE
	EndGlobalSection
EndGlobal
